
Microsoft Visual Studio Solution File, Format Version 12.00
# Visual Studio Version 16
VisualStudioVersion = 16.0.30517.126
MinimumVisualStudioVersion = 15.0.26124.0
Project("{9A19103F-16F7-4668-BE54-9A1E7A4F7556}") = "Chapter-1", "Grokking-Algorithms\Chapter-1\Chapter-1.csproj", "{7B9A6FC1-59AD-4A5C-B58B-BFA2DC191866}"
EndProject
Project("{9A19103F-16F7-4668-BE54-9A1E7A4F7556}") = "Console-Start", "Grokking-Algorithms\Console-Start\Console-Start.csproj", "{1FC2A619-4A5A-4EE7-8A1B-8868D12228D7}"
EndProject
Project("{FAE04EC0-301F-11D3-BF4B-00C04F79EFBC}") = "GrokkingAlgorithms.Tests", "Grokking-Algorithms.Tests\GrokkingAlgorithms.Tests\GrokkingAlgorithms.Tests.csproj", "{1377F387-4A57-4786-8C57-684B07185504}"
EndProject
Global
	GlobalSection(SolutionConfigurationPlatforms) = preSolution
		Debug|Any CPU = Debug|Any CPU
		Debug|x64 = Debug|x64
		Debug|x86 = Debug|x86
		Release|Any CPU = Release|Any CPU
		Release|x64 = Release|x64
		Release|x86 = Release|x86
	EndGlobalSection
	GlobalSection(ProjectConfigurationPlatforms) = postSolution
		{7B9A6FC1-59AD-4A5C-B58B-BFA2DC191866}.Debug|Any CPU.ActiveCfg = Debug|Any CPU
		{7B9A6FC1-59AD-4A5C-B58B-BFA2DC191866}.Debug|Any CPU.Build.0 = Debug|Any CPU
		{7B9A6FC1-59AD-4A5C-B58B-BFA2DC191866}.Debug|x64.ActiveCfg = Debug|Any CPU
		{7B9A6FC1-59AD-4A5C-B58B-BFA2DC191866}.Debug|x64.Build.0 = Debug|Any CPU
		{7B9A6FC1-59AD-4A5C-B58B-BFA2DC191866}.Debug|x86.ActiveCfg = Debug|Any CPU
		{7B9A6FC1-59AD-4A5C-B58B-BFA2DC191866}.Debug|x86.Build.0 = Debug|Any CPU
		{7B9A6FC1-59AD-4A5C-B58B-BFA2DC191866}.Release|Any CPU.ActiveCfg = Release|Any CPU
		{7B9A6FC1-59AD-4A5C-B58B-BFA2DC191866}.Release|Any CPU.Build.0 = Release|Any CPU
		{7B9A6FC1-59AD-4A5C-B58B-BFA2DC191866}.Release|x64.ActiveCfg = Release|Any CPU
		{7B9A6FC1-59AD-4A5C-B58B-BFA2DC191866}.Release|x64.Build.0 = Release|Any CPU
		{7B9A6FC1-59AD-4A5C-B58B-BFA2DC191866}.Release|x86.ActiveCfg = Release|Any CPU
		{7B9A6FC1-59AD-4A5C-B58B-BFA2DC191866}.Release|x86.Build.0 = Release|Any CPU
		{1FC2A619-4A5A-4EE7-8A1B-8868D12228D7}.Debug|Any CPU.ActiveCfg = Debug|Any CPU
		{1FC2A619-4A5A-4EE7-8A1B-8868D12228D7}.Debug|Any CPU.Build.0 = Debug|Any CPU
		{1FC2A619-4A5A-4EE7-8A1B-8868D12228D7}.Debug|x64.ActiveCfg = Debug|Any CPU
		{1FC2A619-4A5A-4EE7-8A1B-8868D12228D7}.Debug|x64.Build.0 = Debug|Any CPU
		{1FC2A619-4A5A-4EE7-8A1B-8868D12228D7}.Debug|x86.ActiveCfg = Debug|Any CPU
		{1FC2A619-4A5A-4EE7-8A1B-8868D12228D7}.Debug|x86.Build.0 = Debug|Any CPU
		{1FC2A619-4A5A-4EE7-8A1B-8868D12228D7}.Release|Any CPU.ActiveCfg = Release|Any CPU
		{1FC2A619-4A5A-4EE7-8A1B-8868D12228D7}.Release|Any CPU.Build.0 = Release|Any CPU
		{1FC2A619-4A5A-4EE7-8A1B-8868D12228D7}.Release|x64.ActiveCfg = Release|Any CPU
		{1FC2A619-4A5A-4EE7-8A1B-8868D12228D7}.Release|x64.Build.0 = Release|Any CPU
		{1FC2A619-4A5A-4EE7-8A1B-8868D12228D7}.Release|x86.ActiveCfg = Release|Any CPU
		{1FC2A619-4A5A-4EE7-8A1B-8868D12228D7}.Release|x86.Build.0 = Release|Any CPU
		{1377F387-4A57-4786-8C57-684B07185504}.Debug|Any CPU.ActiveCfg = Debug|Any CPU
		{1377F387-4A57-4786-8C57-684B07185504}.Debug|Any CPU.Build.0 = Debug|Any CPU
		{1377F387-4A57-4786-8C57-684B07185504}.Debug|x64.ActiveCfg = Debug|Any CPU
		{1377F387-4A57-4786-8C57-684B07185504}.Debug|x64.Build.0 = Debug|Any CPU
		{1377F387-4A57-4786-8C57-684B07185504}.Debug|x86.ActiveCfg = Debug|Any CPU
		{1377F387-4A57-4786-8C57-684B07185504}.Debug|x86.Build.0 = Debug|Any CPU
		{1377F387-4A57-4786-8C57-684B07185504}.Release|Any CPU.ActiveCfg = Release|Any CPU
		{1377F387-4A57-4786-8C57-684B07185504}.Release|Any CPU.Build.0 = Release|Any CPU
		{1377F387-4A57-4786-8C57-684B07185504}.Release|x64.ActiveCfg = Release|Any CPU
		{1377F387-4A57-4786-8C57-684B07185504}.Release|x64.Build.0 = Release|Any CPU
		{1377F387-4A57-4786-8C57-684B07185504}.Release|x86.ActiveCfg = Release|Any CPU
		{1377F387-4A57-4786-8C57-684B07185504}.Release|x86.Build.0 = Release|Any CPU
	EndGlobalSection
	GlobalSection(SolutionProperties) = preSolution
		HideSolutionNode = FALSE
	EndGlobalSection
	GlobalSection(ExtensibilityGlobals) = postSolution
		SolutionGuid = {84752D6F-A976-4038-94B8-404F7E4A04C3}
	EndGlobalSection
EndGlobal
