
Microsoft Visual Studio Solution File, Format Version 12.00
# Visual Studio Version 16
VisualStudioVersion = 16.0.30517.126
MinimumVisualStudioVersion = 15.0.26124.0
Project("{9A19103F-16F7-4668-BE54-9A1E7A4F7556}") = "Chapter-1", "Grokking-Algorithms\Chapter-1\Chapter-1.csproj", "{7B9A6FC1-59AD-4A5C-B58B-BFA2DC191866}"
EndProject
Project("{9A19103F-16F7-4668-BE54-9A1E7A4F7556}") = "Console-Start", "Grokking-Algorithms\Console-Start\Console-Start.csproj", "{1FC2A619-4A5A-4EE7-8A1B-8868D12228D7}"
EndProject
Project("{9A19103F-16F7-4668-BE54-9A1E7A4F7556}") = "GrokkingAlgorithms.Tests", "Grokking-Algorithms.Tests\GrokkingAlgorithms.Tests\GrokkingAlgorithms.Tests.csproj", "{1377F387-4A57-4786-8C57-684B07185504}"
EndProject
Project("{9A19103F-16F7-4668-BE54-9A1E7A4F7556}") = "Chapter-2", "Grokking-Algorithms\Chapter-2\Chapter-2.csproj", "{45EF8BEE-B0E2-4ED4-9F7C-895D2DF42566}"
EndProject
Project("{FAE04EC0-301F-11D3-BF4B-00C04F79EFBC}") = "Chapter-3", "Grokking-Algorithms\Chapter-3\Chapter-3.csproj", "{4BCD41EA-0EC5-44C7-8F69-FAD15A7E450A}"
EndProject
Project("{FAE04EC0-301F-11D3-BF4B-00C04F79EFBC}") = "Chapter-4", "Grokking-Algorithms\Chapter-4\Chapter-4.csproj", "{BF28D2B1-8B13-49A9-AC83-A8C02701AFC2}"
EndProject
Project("{FAE04EC0-301F-11D3-BF4B-00C04F79EFBC}") = "Chapter-5", "Grokking-Algorithms\Chapter-5\Chapter-5.csproj", "{39BDC538-ED04-4E91-8FA1-A364A4E8C538}"
EndProject
Global
	GlobalSection(SolutionConfigurationPlatforms) = preSolution
		Debug|Any CPU = Debug|Any CPU
		Debug|x64 = Debug|x64
		Debug|x86 = Debug|x86
		Release|Any CPU = Release|Any CPU
		Release|x64 = Release|x64
		Release|x86 = Release|x86
	EndGlobalSection
	GlobalSection(ProjectConfigurationPlatforms) = postSolution
		{7B9A6FC1-59AD-4A5C-B58B-BFA2DC191866}.Debug|Any CPU.ActiveCfg = Debug|Any CPU
		{7B9A6FC1-59AD-4A5C-B58B-BFA2DC191866}.Debug|Any CPU.Build.0 = Debug|Any CPU
		{7B9A6FC1-59AD-4A5C-B58B-BFA2DC191866}.Debug|x64.ActiveCfg = Debug|Any CPU
		{7B9A6FC1-59AD-4A5C-B58B-BFA2DC191866}.Debug|x64.Build.0 = Debug|Any CPU
		{7B9A6FC1-59AD-4A5C-B58B-BFA2DC191866}.Debug|x86.ActiveCfg = Debug|Any CPU
		{7B9A6FC1-59AD-4A5C-B58B-BFA2DC191866}.Debug|x86.Build.0 = Debug|Any CPU
		{7B9A6FC1-59AD-4A5C-B58B-BFA2DC191866}.Release|Any CPU.ActiveCfg = Release|Any CPU
		{7B9A6FC1-59AD-4A5C-B58B-BFA2DC191866}.Release|Any CPU.Build.0 = Release|Any CPU
		{7B9A6FC1-59AD-4A5C-B58B-BFA2DC191866}.Release|x64.ActiveCfg = Release|Any CPU
		{7B9A6FC1-59AD-4A5C-B58B-BFA2DC191866}.Release|x64.Build.0 = Release|Any CPU
		{7B9A6FC1-59AD-4A5C-B58B-BFA2DC191866}.Release|x86.ActiveCfg = Release|Any CPU
		{7B9A6FC1-59AD-4A5C-B58B-BFA2DC191866}.Release|x86.Build.0 = Release|Any CPU
		{1FC2A619-4A5A-4EE7-8A1B-8868D12228D7}.Debug|Any CPU.ActiveCfg = Debug|Any CPU
		{1FC2A619-4A5A-4EE7-8A1B-8868D12228D7}.Debug|Any CPU.Build.0 = Debug|Any CPU
		{1FC2A619-4A5A-4EE7-8A1B-8868D12228D7}.Debug|x64.ActiveCfg = Debug|Any CPU
		{1FC2A619-4A5A-4EE7-8A1B-8868D12228D7}.Debug|x64.Build.0 = Debug|Any CPU
		{1FC2A619-4A5A-4EE7-8A1B-8868D12228D7}.Debug|x86.ActiveCfg = Debug|Any CPU
		{1FC2A619-4A5A-4EE7-8A1B-8868D12228D7}.Debug|x86.Build.0 = Debug|Any CPU
		{1FC2A619-4A5A-4EE7-8A1B-8868D12228D7}.Release|Any CPU.ActiveCfg = Release|Any CPU
		{1FC2A619-4A5A-4EE7-8A1B-8868D12228D7}.Release|Any CPU.Build.0 = Release|Any CPU
		{1FC2A619-4A5A-4EE7-8A1B-8868D12228D7}.Release|x64.ActiveCfg = Release|Any CPU
		{1FC2A619-4A5A-4EE7-8A1B-8868D12228D7}.Release|x64.Build.0 = Release|Any CPU
		{1FC2A619-4A5A-4EE7-8A1B-8868D12228D7}.Release|x86.ActiveCfg = Release|Any CPU
		{1FC2A619-4A5A-4EE7-8A1B-8868D12228D7}.Release|x86.Build.0 = Release|Any CPU
		{1377F387-4A57-4786-8C57-684B07185504}.Debug|Any CPU.ActiveCfg = Debug|Any CPU
		{1377F387-4A57-4786-8C57-684B07185504}.Debug|Any CPU.Build.0 = Debug|Any CPU
		{1377F387-4A57-4786-8C57-684B07185504}.Debug|x64.ActiveCfg = Debug|Any CPU
		{1377F387-4A57-4786-8C57-684B07185504}.Debug|x64.Build.0 = Debug|Any CPU
		{1377F387-4A57-4786-8C57-684B07185504}.Debug|x86.ActiveCfg = Debug|Any CPU
		{1377F387-4A57-4786-8C57-684B07185504}.Debug|x86.Build.0 = Debug|Any CPU
		{1377F387-4A57-4786-8C57-684B07185504}.Release|Any CPU.ActiveCfg = Release|Any CPU
		{1377F387-4A57-4786-8C57-684B07185504}.Release|Any CPU.Build.0 = Release|Any CPU
		{1377F387-4A57-4786-8C57-684B07185504}.Release|x64.ActiveCfg = Release|Any CPU
		{1377F387-4A57-4786-8C57-684B07185504}.Release|x64.Build.0 = Release|Any CPU
		{1377F387-4A57-4786-8C57-684B07185504}.Release|x86.ActiveCfg = Release|Any CPU
		{1377F387-4A57-4786-8C57-684B07185504}.Release|x86.Build.0 = Release|Any CPU
		{45EF8BEE-B0E2-4ED4-9F7C-895D2DF42566}.Debug|Any CPU.ActiveCfg = Debug|Any CPU
		{45EF8BEE-B0E2-4ED4-9F7C-895D2DF42566}.Debug|Any CPU.Build.0 = Debug|Any CPU
		{45EF8BEE-B0E2-4ED4-9F7C-895D2DF42566}.Debug|x64.ActiveCfg = Debug|Any CPU
		{45EF8BEE-B0E2-4ED4-9F7C-895D2DF42566}.Debug|x64.Build.0 = Debug|Any CPU
		{45EF8BEE-B0E2-4ED4-9F7C-895D2DF42566}.Debug|x86.ActiveCfg = Debug|Any CPU
		{45EF8BEE-B0E2-4ED4-9F7C-895D2DF42566}.Debug|x86.Build.0 = Debug|Any CPU
		{45EF8BEE-B0E2-4ED4-9F7C-895D2DF42566}.Release|Any CPU.ActiveCfg = Release|Any CPU
		{45EF8BEE-B0E2-4ED4-9F7C-895D2DF42566}.Release|Any CPU.Build.0 = Release|Any CPU
		{45EF8BEE-B0E2-4ED4-9F7C-895D2DF42566}.Release|x64.ActiveCfg = Release|Any CPU
		{45EF8BEE-B0E2-4ED4-9F7C-895D2DF42566}.Release|x64.Build.0 = Release|Any CPU
		{45EF8BEE-B0E2-4ED4-9F7C-895D2DF42566}.Release|x86.ActiveCfg = Release|Any CPU
		{45EF8BEE-B0E2-4ED4-9F7C-895D2DF42566}.Release|x86.Build.0 = Release|Any CPU
		{4BCD41EA-0EC5-44C7-8F69-FAD15A7E450A}.Debug|Any CPU.ActiveCfg = Debug|Any CPU
		{4BCD41EA-0EC5-44C7-8F69-FAD15A7E450A}.Debug|Any CPU.Build.0 = Debug|Any CPU
		{4BCD41EA-0EC5-44C7-8F69-FAD15A7E450A}.Debug|x64.ActiveCfg = Debug|Any CPU
		{4BCD41EA-0EC5-44C7-8F69-FAD15A7E450A}.Debug|x64.Build.0 = Debug|Any CPU
		{4BCD41EA-0EC5-44C7-8F69-FAD15A7E450A}.Debug|x86.ActiveCfg = Debug|Any CPU
		{4BCD41EA-0EC5-44C7-8F69-FAD15A7E450A}.Debug|x86.Build.0 = Debug|Any CPU
		{4BCD41EA-0EC5-44C7-8F69-FAD15A7E450A}.Release|Any CPU.ActiveCfg = Release|Any CPU
		{4BCD41EA-0EC5-44C7-8F69-FAD15A7E450A}.Release|Any CPU.Build.0 = Release|Any CPU
		{4BCD41EA-0EC5-44C7-8F69-FAD15A7E450A}.Release|x64.ActiveCfg = Release|Any CPU
		{4BCD41EA-0EC5-44C7-8F69-FAD15A7E450A}.Release|x64.Build.0 = Release|Any CPU
		{4BCD41EA-0EC5-44C7-8F69-FAD15A7E450A}.Release|x86.ActiveCfg = Release|Any CPU
		{4BCD41EA-0EC5-44C7-8F69-FAD15A7E450A}.Release|x86.Build.0 = Release|Any CPU
		{BF28D2B1-8B13-49A9-AC83-A8C02701AFC2}.Debug|Any CPU.ActiveCfg = Debug|Any CPU
		{BF28D2B1-8B13-49A9-AC83-A8C02701AFC2}.Debug|Any CPU.Build.0 = Debug|Any CPU
		{BF28D2B1-8B13-49A9-AC83-A8C02701AFC2}.Debug|x64.ActiveCfg = Debug|Any CPU
		{BF28D2B1-8B13-49A9-AC83-A8C02701AFC2}.Debug|x64.Build.0 = Debug|Any CPU
		{BF28D2B1-8B13-49A9-AC83-A8C02701AFC2}.Debug|x86.ActiveCfg = Debug|Any CPU
		{BF28D2B1-8B13-49A9-AC83-A8C02701AFC2}.Debug|x86.Build.0 = Debug|Any CPU
		{BF28D2B1-8B13-49A9-AC83-A8C02701AFC2}.Release|Any CPU.ActiveCfg = Release|Any CPU
		{BF28D2B1-8B13-49A9-AC83-A8C02701AFC2}.Release|Any CPU.Build.0 = Release|Any CPU
		{BF28D2B1-8B13-49A9-AC83-A8C02701AFC2}.Release|x64.ActiveCfg = Release|Any CPU
		{BF28D2B1-8B13-49A9-AC83-A8C02701AFC2}.Release|x64.Build.0 = Release|Any CPU
		{BF28D2B1-8B13-49A9-AC83-A8C02701AFC2}.Release|x86.ActiveCfg = Release|Any CPU
		{BF28D2B1-8B13-49A9-AC83-A8C02701AFC2}.Release|x86.Build.0 = Release|Any CPU
		{39BDC538-ED04-4E91-8FA1-A364A4E8C538}.Debug|Any CPU.ActiveCfg = Debug|Any CPU
		{39BDC538-ED04-4E91-8FA1-A364A4E8C538}.Debug|Any CPU.Build.0 = Debug|Any CPU
		{39BDC538-ED04-4E91-8FA1-A364A4E8C538}.Debug|x64.ActiveCfg = Debug|Any CPU
		{39BDC538-ED04-4E91-8FA1-A364A4E8C538}.Debug|x64.Build.0 = Debug|Any CPU
		{39BDC538-ED04-4E91-8FA1-A364A4E8C538}.Debug|x86.ActiveCfg = Debug|Any CPU
		{39BDC538-ED04-4E91-8FA1-A364A4E8C538}.Debug|x86.Build.0 = Debug|Any CPU
		{39BDC538-ED04-4E91-8FA1-A364A4E8C538}.Release|Any CPU.ActiveCfg = Release|Any CPU
		{39BDC538-ED04-4E91-8FA1-A364A4E8C538}.Release|Any CPU.Build.0 = Release|Any CPU
		{39BDC538-ED04-4E91-8FA1-A364A4E8C538}.Release|x64.ActiveCfg = Release|Any CPU
		{39BDC538-ED04-4E91-8FA1-A364A4E8C538}.Release|x64.Build.0 = Release|Any CPU
		{39BDC538-ED04-4E91-8FA1-A364A4E8C538}.Release|x86.ActiveCfg = Release|Any CPU
		{39BDC538-ED04-4E91-8FA1-A364A4E8C538}.Release|x86.Build.0 = Release|Any CPU
	EndGlobalSection
	GlobalSection(SolutionProperties) = preSolution
		HideSolutionNode = FALSE
	EndGlobalSection
	GlobalSection(ExtensibilityGlobals) = postSolution
		SolutionGuid = {84752D6F-A976-4038-94B8-404F7E4A04C3}
	EndGlobalSection
EndGlobal
